{
  "name": "protableplus",
  "version": "1.0.0",
  "lockfileVersion": 3,
  "requires": true,
  "packages": {
    "": {
      "name": "protableplus",
      "version": "1.0.0",
      "license": "ISC",
      "dependencies": {
        "time-shortcuts": "^1.0.0"
      }
    },
    "node_modules/dayjs": {
      "version": "1.11.10",
      "resolved": "https://registry.npmjs.org/dayjs/-/dayjs-1.11.10.tgz",
      "integrity": "sha512-vjAczensTgRcqDERK0SR2XMwsF/tSvnvlv6VcF2GIhg6Sx4yOIt/irsr1RDJsKiIyBzJDpCoXiWWq28MqH2cnQ=="
    },
    "node_modules/time-shortcuts": {
      "version": "1.0.0",
      "resolved": "https://registry.npmjs.org/time-shortcuts/-/time-shortcuts-1.0.0.tgz",
      "integrity": "sha512-Dybdxks+UyNXwe/5KDIC5vpks9/u07FkQDN2dzQM+a3q5OFfNoLsNoz0QH45y6fqC8HkHKAcZpd2iK8CaJYU9w==",
      "dependencies": {
        "dayjs": "^1.11.10"
      }
    }
  }
}
